
Microsoft Visual Studio Solution File, Format Version 12.00
# Visual Studio Version 16
VisualStudioVersion = 16.0.810.13
MinimumVisualStudioVersion = 10.0.40219.1
Project("{FAE04EC0-301F-11D3-BF4B-00C04F79EFBC}") = "Deliverable1", "Deliverable1\Deliverable1.csproj", "{88D22C16-CFC5-4153-BA94-C9F98FE5309A}"
EndProject
Global
	GlobalSection(SolutionConfigurationPlatforms) = preSolution
		Debug|anycpu = Debug|anycpu
		Release|anycpu = Release|anycpu
	EndGlobalSection
	GlobalSection(ProjectConfigurationPlatforms) = postSolution
		{88D22C16-CFC5-4153-BA94-C9F98FE5309A}.Debug|anycpu.ActiveCfg = Debug|anycpu
		{88D22C16-CFC5-4153-BA94-C9F98FE5309A}.Debug|anycpu.Build.0 = Debug|anycpu
		{88D22C16-CFC5-4153-BA94-C9F98FE5309A}.Release|anycpu.ActiveCfg = Release|anycpu
		{88D22C16-CFC5-4153-BA94-C9F98FE5309A}.Release|anycpu.Build.0 = Release|anycpu
	EndGlobalSection
	GlobalSection(SolutionProperties) = preSolution
		HideSolutionNode = FALSE
	EndGlobalSection
	GlobalSection(ExtensibilityGlobals) = postSolution
		SolutionGuid = {C7E24F8F-EF62-4105-9C3F-650327307E04}
	EndGlobalSection
EndGlobal
